
Microsoft Visual Studio Solution File, Format Version 12.00
# Visual Studio Version 17
VisualStudioVersion = 17.2.32526.322
MinimumVisualStudioVersion = 10.0.40219.1
Project("{FAE04EC0-301F-11D3-BF4B-00C04F79EFBC}") = "SimpleWatchMan", "SimpleWatchMan\SimpleWatchMan.csproj", "{84715EAD-19FF-4CBF-9A4B-F4BCAE453543}"
EndProject
Global
	GlobalSection(SolutionConfigurationPlatforms) = preSolution
		Debug|Any CPU = Debug|Any CPU
		Release|Any CPU = Release|Any CPU
	EndGlobalSection
	GlobalSection(ProjectConfigurationPlatforms) = postSolution
		{84715EAD-19FF-4CBF-9A4B-F4BCAE453543}.Debug|Any CPU.ActiveCfg = Debug|Any CPU
		{84715EAD-19FF-4CBF-9A4B-F4BCAE453543}.Debug|Any CPU.Build.0 = Debug|Any CPU
		{84715EAD-19FF-4CBF-9A4B-F4BCAE453543}.Release|Any CPU.ActiveCfg = Release|Any CPU
		{84715EAD-19FF-4CBF-9A4B-F4BCAE453543}.Release|Any CPU.Build.0 = Release|Any CPU
	EndGlobalSection
	GlobalSection(SolutionProperties) = preSolution
		HideSolutionNode = FALSE
	EndGlobalSection
	GlobalSection(ExtensibilityGlobals) = postSolution
		SolutionGuid = {189BBC78-356B-4E7B-A295-68408F3A39BE}
	EndGlobalSection
EndGlobal
